
Microsoft Visual Studio Solution File, Format Version 12.00
# Visual Studio 15
VisualStudioVersion = 15.0.28010.2041
MinimumVisualStudioVersion = 10.0.40219.1
Project("{FAE04EC0-301F-11D3-BF4B-00C04F79EFBC}") = "NTicTacToe", "NTicTacToe\NTicTacToe.csproj", "{5F8B777E-FF87-437C-85B5-E3650DF9C21E}"
EndProject
Project("{FAE04EC0-301F-11D3-BF4B-00C04F79EFBC}") = "NTicTacToe.Tests", "NTicTacToe.Tests\NTicTacToe.Tests.csproj", "{06D87FA3-C331-4E11-A044-7D770C4C33C3}"
EndProject
Project("{FAE04EC0-301F-11D3-BF4B-00C04F79EFBC}") = "Data", "Data\Data.csproj", "{85EFEB31-7873-4131-8ED6-E0050BDD9B57}"
EndProject
Project("{FAE04EC0-301F-11D3-BF4B-00C04F79EFBC}") = "Managers", "Managers\Managers.csproj", "{D4786267-5E5D-414C-B781-92CBA3B3B7CA}"
EndProject
Global
	GlobalSection(SolutionConfigurationPlatforms) = preSolution
		Debug|Any CPU = Debug|Any CPU
		Debug|x64 = Debug|x64
		Release|Any CPU = Release|Any CPU
		Release|x64 = Release|x64
	EndGlobalSection
	GlobalSection(ProjectConfigurationPlatforms) = postSolution
		{5F8B777E-FF87-437C-85B5-E3650DF9C21E}.Debug|Any CPU.ActiveCfg = Debug|Any CPU
		{5F8B777E-FF87-437C-85B5-E3650DF9C21E}.Debug|Any CPU.Build.0 = Debug|Any CPU
		{5F8B777E-FF87-437C-85B5-E3650DF9C21E}.Debug|x64.ActiveCfg = Debug|x64
		{5F8B777E-FF87-437C-85B5-E3650DF9C21E}.Debug|x64.Build.0 = Debug|x64
		{5F8B777E-FF87-437C-85B5-E3650DF9C21E}.Release|Any CPU.ActiveCfg = Release|Any CPU
		{5F8B777E-FF87-437C-85B5-E3650DF9C21E}.Release|Any CPU.Build.0 = Release|Any CPU
		{5F8B777E-FF87-437C-85B5-E3650DF9C21E}.Release|x64.ActiveCfg = Release|x64
		{5F8B777E-FF87-437C-85B5-E3650DF9C21E}.Release|x64.Build.0 = Release|x64
		{06D87FA3-C331-4E11-A044-7D770C4C33C3}.Debug|Any CPU.ActiveCfg = Debug|Any CPU
		{06D87FA3-C331-4E11-A044-7D770C4C33C3}.Debug|Any CPU.Build.0 = Debug|Any CPU
		{06D87FA3-C331-4E11-A044-7D770C4C33C3}.Debug|x64.ActiveCfg = Debug|x64
		{06D87FA3-C331-4E11-A044-7D770C4C33C3}.Debug|x64.Build.0 = Debug|x64
		{06D87FA3-C331-4E11-A044-7D770C4C33C3}.Release|Any CPU.ActiveCfg = Release|Any CPU
		{06D87FA3-C331-4E11-A044-7D770C4C33C3}.Release|Any CPU.Build.0 = Release|Any CPU
		{06D87FA3-C331-4E11-A044-7D770C4C33C3}.Release|x64.ActiveCfg = Release|x64
		{06D87FA3-C331-4E11-A044-7D770C4C33C3}.Release|x64.Build.0 = Release|x64
		{85EFEB31-7873-4131-8ED6-E0050BDD9B57}.Debug|Any CPU.ActiveCfg = Debug|Any CPU
		{85EFEB31-7873-4131-8ED6-E0050BDD9B57}.Debug|Any CPU.Build.0 = Debug|Any CPU
		{85EFEB31-7873-4131-8ED6-E0050BDD9B57}.Debug|x64.ActiveCfg = Debug|Any CPU
		{85EFEB31-7873-4131-8ED6-E0050BDD9B57}.Debug|x64.Build.0 = Debug|Any CPU
		{85EFEB31-7873-4131-8ED6-E0050BDD9B57}.Release|Any CPU.ActiveCfg = Release|Any CPU
		{85EFEB31-7873-4131-8ED6-E0050BDD9B57}.Release|Any CPU.Build.0 = Release|Any CPU
		{85EFEB31-7873-4131-8ED6-E0050BDD9B57}.Release|x64.ActiveCfg = Release|Any CPU
		{85EFEB31-7873-4131-8ED6-E0050BDD9B57}.Release|x64.Build.0 = Release|Any CPU
		{D4786267-5E5D-414C-B781-92CBA3B3B7CA}.Debug|Any CPU.ActiveCfg = Debug|Any CPU
		{D4786267-5E5D-414C-B781-92CBA3B3B7CA}.Debug|Any CPU.Build.0 = Debug|Any CPU
		{D4786267-5E5D-414C-B781-92CBA3B3B7CA}.Debug|x64.ActiveCfg = Debug|Any CPU
		{D4786267-5E5D-414C-B781-92CBA3B3B7CA}.Debug|x64.Build.0 = Debug|Any CPU
		{D4786267-5E5D-414C-B781-92CBA3B3B7CA}.Release|Any CPU.ActiveCfg = Release|Any CPU
		{D4786267-5E5D-414C-B781-92CBA3B3B7CA}.Release|Any CPU.Build.0 = Release|Any CPU
		{D4786267-5E5D-414C-B781-92CBA3B3B7CA}.Release|x64.ActiveCfg = Release|Any CPU
		{D4786267-5E5D-414C-B781-92CBA3B3B7CA}.Release|x64.Build.0 = Release|Any CPU
	EndGlobalSection
	GlobalSection(SolutionProperties) = preSolution
		HideSolutionNode = FALSE
	EndGlobalSection
	GlobalSection(ExtensibilityGlobals) = postSolution
		SolutionGuid = {9BA92AA0-FBE4-4A3E-A563-13531FB2777D}
	EndGlobalSection
EndGlobal
